
Microsoft Visual Studio Solution File, Format Version 11.00
# Visual Studio 2010
Project("{FAE04EC0-301F-11D3-BF4B-00C04F79EFBC}") = "SNMPManager", "SNMPManager\SNMPManager.csproj", "{79D3CE27-FC8C-4B04-AF92-73CA74C79B07}"
EndProject
Project("{FAE04EC0-301F-11D3-BF4B-00C04F79EFBC}") = "SnmpSharpNet", "SnmpSharpNet\SnmpSharpNet.csproj", "{8E150D42-5D05-40F8-A388-C3A55EB4A141}"
EndProject
Global
	GlobalSection(SolutionConfigurationPlatforms) = preSolution
		Debug|Any CPU = Debug|Any CPU
		Debug|Mixed Platforms = Debug|Mixed Platforms
		Debug|x86 = Debug|x86
		Release|Any CPU = Release|Any CPU
		Release|Mixed Platforms = Release|Mixed Platforms
		Release|x86 = Release|x86
	EndGlobalSection
	GlobalSection(ProjectConfigurationPlatforms) = postSolution
		{79D3CE27-FC8C-4B04-AF92-73CA74C79B07}.Debug|Any CPU.ActiveCfg = Debug|x86
		{79D3CE27-FC8C-4B04-AF92-73CA74C79B07}.Debug|Mixed Platforms.ActiveCfg = Debug|x86
		{79D3CE27-FC8C-4B04-AF92-73CA74C79B07}.Debug|Mixed Platforms.Build.0 = Debug|x86
		{79D3CE27-FC8C-4B04-AF92-73CA74C79B07}.Debug|x86.ActiveCfg = Debug|x86
		{79D3CE27-FC8C-4B04-AF92-73CA74C79B07}.Debug|x86.Build.0 = Debug|x86
		{79D3CE27-FC8C-4B04-AF92-73CA74C79B07}.Release|Any CPU.ActiveCfg = Release|x86
		{79D3CE27-FC8C-4B04-AF92-73CA74C79B07}.Release|Mixed Platforms.ActiveCfg = Release|x86
		{79D3CE27-FC8C-4B04-AF92-73CA74C79B07}.Release|Mixed Platforms.Build.0 = Release|x86
		{79D3CE27-FC8C-4B04-AF92-73CA74C79B07}.Release|x86.ActiveCfg = Release|x86
		{79D3CE27-FC8C-4B04-AF92-73CA74C79B07}.Release|x86.Build.0 = Release|x86
		{8E150D42-5D05-40F8-A388-C3A55EB4A141}.Debug|Any CPU.ActiveCfg = Debug|Any CPU
		{8E150D42-5D05-40F8-A388-C3A55EB4A141}.Debug|Any CPU.Build.0 = Debug|Any CPU
		{8E150D42-5D05-40F8-A388-C3A55EB4A141}.Debug|Mixed Platforms.ActiveCfg = Debug|Any CPU
		{8E150D42-5D05-40F8-A388-C3A55EB4A141}.Debug|Mixed Platforms.Build.0 = Debug|Any CPU
		{8E150D42-5D05-40F8-A388-C3A55EB4A141}.Debug|x86.ActiveCfg = Debug|Any CPU
		{8E150D42-5D05-40F8-A388-C3A55EB4A141}.Release|Any CPU.ActiveCfg = Release|Any CPU
		{8E150D42-5D05-40F8-A388-C3A55EB4A141}.Release|Any CPU.Build.0 = Release|Any CPU
		{8E150D42-5D05-40F8-A388-C3A55EB4A141}.Release|Mixed Platforms.ActiveCfg = Release|Any CPU
		{8E150D42-5D05-40F8-A388-C3A55EB4A141}.Release|Mixed Platforms.Build.0 = Release|Any CPU
		{8E150D42-5D05-40F8-A388-C3A55EB4A141}.Release|x86.ActiveCfg = Release|Any CPU
	EndGlobalSection
	GlobalSection(SolutionProperties) = preSolution
		HideSolutionNode = FALSE
	EndGlobalSection
EndGlobal
